PODS:
  - AFNetworking (2.5.2):
    - AFNetworking/NSURLConnection
    - AFNetworking/NSURLSession
    - AFNetworking/Reachability
    - AFNetworking/Security
    - AFNetworking/Serialization
    - AFNetworking/UIKit
  - AFNetworking/NSURLConnection (2.5.2):
    - AFNetworking/Reachability
    - AFNetworking/Security
    - AFNetworking/Serialization
  - AFNetworking/NSURLSession (2.5.2):
    - AFNetworking/Reachability
    - AFNetworking/Security
    - AFNetworking/Serialization
  - AFNetworking/Reachability (2.5.2)
  - AFNetworking/Security (2.5.2)
  - AFNetworking/Serialization (2.5.2)
  - AFNetworking/UIKit (2.5.2):
    - AFNetworking/NSURLConnection
    - AFNetworking/NSURLSession
  - DLImageLoader (2.1.0)
  - FCModel (0.9.0):
    - FMDB (~> 2.1)
  - FMDB (2.5):
    - FMDB/standard
  - FMDB/common (2.5)
  - FMDB/standard (2.5):
    - FMDB/common
  - GoogleAnalytics-iOS-SDK (3.10):
    - GoogleAnalytics-iOS-SDK/Core
  - GoogleAnalytics-iOS-SDK/Core (3.10)
  - ImgurAnonymousAPIClient (0.2):
    - AFNetworking (>= 2.3.1)
  - InAppSettingsKit (2.5)
  - MCNotificationManager (0.1.2)
  - MenuPopOverView (0.0.3)
  - PHFComposeBarView (2.0.1):
    - PHFDelegateChain (~> 1.0)
  - PHFDelegateChain (1.0.1)
  - SHNavigationControllerBlocks (2.1.1)
  - SHTransitionBlocks (1.0.1)
  - UIActionSheet+Blocks (0.9)
  - YLGIFImage (0.11)

DEPENDENCIES:
  - DLImageLoader (from `https://github.com/AndreyLunevich/DLImageLoader-iOS.git`)
  - FCModel
  - GoogleAnalytics-iOS-SDK
  - ImgurAnonymousAPIClient (from `https://github.com/nolanw/ImgurAnonymousAPIClient.git`, tag `v0.2`)
  - InAppSettingsKit
  - MCNotificationManager
  - MenuPopOverView
  - PHFComposeBarView (~> 2.0.1)
  - SHNavigationControllerBlocks
  - SHTransitionBlocks
  - UIActionSheet+Blocks
  - YLGIFImage (from `https://github.com/liyong03/YLGIFImage.git`)

EXTERNAL SOURCES:
  DLImageLoader:
    :git: https://github.com/AndreyLunevich/DLImageLoader-iOS.git
  ImgurAnonymousAPIClient:
    :git: https://github.com/nolanw/ImgurAnonymousAPIClient.git
    :tag: v0.2
  YLGIFImage:
    :git: https://github.com/liyong03/YLGIFImage.git

SPEC CHECKSUMS:
  AFNetworking: fefbce9660acb17f48ae0011292d4da0f457bf36
  DLImageLoader: d233807305a9307b9f987301bd9d7d6ffc3a0f9e
  FCModel: 04bb289914e67f2275cb17fda869131a3529c1a5
  FMDB: 96e8f1bcc1329e269330f99770ad4285d9003e52
  GoogleAnalytics-iOS-SDK: 4f98a376c1d61e6ac4ca47951655820314856eef
  ImgurAnonymousAPIClient: 34d68a1f5549b3dbe64028a44b8074bf44da2e82
  InAppSettingsKit: d872c25e20fcc7d9d33554e5be63070a07a443a7
  MCNotificationManager: c77c63d20b968474fca9c3ab3c12e00ee56ba300
  MenuPopOverView: 7bceaa320095b49580e383d3ba3c74deed1d8b58
  PHFComposeBarView: ceb26dd5a1e9a262c9e0ec3fd1dc12dbfff41c75
  PHFDelegateChain: 491f9cd8a3fb8761f390ff05f74a0e168d48d285
  SHNavigationControllerBlocks: 5c9a1d5c1fe2c32ebb187f645b8299783494a6ef
  SHTransitionBlocks: 3cbf25e5e67b4cb5702d857aa1c8aa899bfcb580
  UIActionSheet+Blocks: e180b7dad0a721ab7f212ac9742af799008bb358
  YLGIFImage: bcff4a5200b060f655372f939989ddc0a0b21dde

COCOAPODS: 0.34.4
